
Microsoft Visual Studio Solution File, Format Version 12.00
# Visual Studio 2013
VisualStudioVersion = 12.0.31101.0
MinimumVisualStudioVersion = 10.0.40219.1
Project("{FAE04EC0-301F-11D3-BF4B-00C04F79EFBC}") = "SeccondWebProject", "SeccondWebProject\SeccondWebProject.csproj", "{084CA41A-687F-4D8A-A0E7-25F142D4EB64}"
EndProject
Global
	GlobalSection(SolutionConfigurationPlatforms) = preSolution
		Debug|Any CPU = Debug|Any CPU
		Release|Any CPU = Release|Any CPU
	EndGlobalSection
	GlobalSection(ProjectConfigurationPlatforms) = postSolution
		{084CA41A-687F-4D8A-A0E7-25F142D4EB64}.Debug|Any CPU.ActiveCfg = Debug|Any CPU
		{084CA41A-687F-4D8A-A0E7-25F142D4EB64}.Debug|Any CPU.Build.0 = Debug|Any CPU
		{084CA41A-687F-4D8A-A0E7-25F142D4EB64}.Release|Any CPU.ActiveCfg = Release|Any CPU
		{084CA41A-687F-4D8A-A0E7-25F142D4EB64}.Release|Any CPU.Build.0 = Release|Any CPU
	EndGlobalSection
	GlobalSection(SolutionProperties) = preSolution
		HideSolutionNode = FALSE
	EndGlobalSection
EndGlobal
